
Microsoft Visual Studio Solution File, Format Version 12.00
# Visual Studio 15
VisualStudioVersion = 15.0.28307.271
MinimumVisualStudioVersion = 10.0.40219.1
Project("{FAE04EC0-301F-11D3-BF4B-00C04F79EFBC}") = "WindowsFormsApp1", "WindowsFormsApp1\WindowsFormsApp1.csproj", "{DA29358A-13BA-4BF5-AA72-D085B24E6105}"
EndProject
Global
	GlobalSection(SolutionConfigurationPlatforms) = preSolution
		Debug|Any CPU = Debug|Any CPU
		Release|Any CPU = Release|Any CPU
	EndGlobalSection
	GlobalSection(ProjectConfigurationPlatforms) = postSolution
		{DA29358A-13BA-4BF5-AA72-D085B24E6105}.Debug|Any CPU.ActiveCfg = Debug|Any CPU
		{DA29358A-13BA-4BF5-AA72-D085B24E6105}.Debug|Any CPU.Build.0 = Debug|Any CPU
		{DA29358A-13BA-4BF5-AA72-D085B24E6105}.Release|Any CPU.ActiveCfg = Release|Any CPU
		{DA29358A-13BA-4BF5-AA72-D085B24E6105}.Release|Any CPU.Build.0 = Release|Any CPU
	EndGlobalSection
	GlobalSection(SolutionProperties) = preSolution
		HideSolutionNode = FALSE
	EndGlobalSection
	GlobalSection(ExtensibilityGlobals) = postSolution
		SolutionGuid = {583047AD-C16E-457B-83A8-587BFA44A6D9}
	EndGlobalSection
EndGlobal
